<?xml version="1.0" encoding="UTF-8"?>
<CodeBlocks_project_file>
	<FileVersion major="1" minor="6"/>
	<Project>
		<Option title="TK1W2_reimagined-guacamole"/>
		<Option makefile_is_custom="1"/>
		<Option compiler="gcc"/>
		<Option virtualFolders="CMake Files\;"/>
		<Build>
			<Target title="all">
				<Option working_dir="/Users/yosia/Binus/TK1W2_reimagined-guacamole"/>
				<Option type="4"/>
				<MakeCommands>
					<Build command="/usr/bin/make -f &quot;/Users/yosia/Binus/TK1W2_reimagined-guacamole/Makefile&quot;  VERBOSE=1 all"/>
					<CompileFile command="/usr/bin/make -f &quot;/Users/yosia/Binus/TK1W2_reimagined-guacamole/Makefile&quot;  VERBOSE=1 &quot;$file&quot;"/>
					<Clean command="/usr/bin/make -f &quot;/Users/yosia/Binus/TK1W2_reimagined-guacamole/Makefile&quot;  VERBOSE=1 clean"/>
					<DistClean command="/usr/bin/make -f &quot;/Users/yosia/Binus/TK1W2_reimagined-guacamole/Makefile&quot;  VERBOSE=1 clean"/>
				</MakeCommands>
			</Target>
			<Target title="TK1W2_reimagined-guacamole">
				<Option output="/Users/yosia/Binus/TK1W2_reimagined-guacamole/TK1W2_reimagined-guacamole" prefix_auto="0" extension_auto="0"/>
				<Option working_dir="/Users/yosia/Binus/TK1W2_reimagined-guacamole"/>
				<Option object_output="./"/>
				<Option type="1"/>
				<Option compiler="gcc"/>
				<Compiler/>
				<MakeCommands>
					<Build command="/usr/bin/make -f &quot;/Users/yosia/Binus/TK1W2_reimagined-guacamole/Makefile&quot;  VERBOSE=1 TK1W2_reimagined-guacamole"/>
					<CompileFile command="/usr/bin/make -f &quot;/Users/yosia/Binus/TK1W2_reimagined-guacamole/Makefile&quot;  VERBOSE=1 &quot;$file&quot;"/>
					<Clean command="/usr/bin/make -f &quot;/Users/yosia/Binus/TK1W2_reimagined-guacamole/Makefile&quot;  VERBOSE=1 clean"/>
					<DistClean command="/usr/bin/make -f &quot;/Users/yosia/Binus/TK1W2_reimagined-guacamole/Makefile&quot;  VERBOSE=1 clean"/>
				</MakeCommands>
			</Target>
			<Target title="TK1W2_reimagined-guacamole/fast">
				<Option output="/Users/yosia/Binus/TK1W2_reimagined-guacamole/TK1W2_reimagined-guacamole" prefix_auto="0" extension_auto="0"/>
				<Option working_dir="/Users/yosia/Binus/TK1W2_reimagined-guacamole"/>
				<Option object_output="./"/>
				<Option type="1"/>
				<Option compiler="gcc"/>
				<Compiler/>
				<MakeCommands>
					<Build command="/usr/bin/make -f &quot;/Users/yosia/Binus/TK1W2_reimagined-guacamole/Makefile&quot;  VERBOSE=1 TK1W2_reimagined-guacamole/fast"/>
					<CompileFile command="/usr/bin/make -f &quot;/Users/yosia/Binus/TK1W2_reimagined-guacamole/Makefile&quot;  VERBOSE=1 &quot;$file&quot;"/>
					<Clean command="/usr/bin/make -f &quot;/Users/yosia/Binus/TK1W2_reimagined-guacamole/Makefile&quot;  VERBOSE=1 clean"/>
					<DistClean command="/usr/bin/make -f &quot;/Users/yosia/Binus/TK1W2_reimagined-guacamole/Makefile&quot;  VERBOSE=1 clean"/>
				</MakeCommands>
			</Target>
			<Target title="edit_cache">
				<Option working_dir="/Users/yosia/Binus/TK1W2_reimagined-guacamole"/>
				<Option type="4"/>
				<MakeCommands>
					<Build command="/usr/bin/make -f &quot;/Users/yosia/Binus/TK1W2_reimagined-guacamole/Makefile&quot;  VERBOSE=1 edit_cache"/>
					<CompileFile command="/usr/bin/make -f &quot;/Users/yosia/Binus/TK1W2_reimagined-guacamole/Makefile&quot;  VERBOSE=1 &quot;$file&quot;"/>
					<Clean command="/usr/bin/make -f &quot;/Users/yosia/Binus/TK1W2_reimagined-guacamole/Makefile&quot;  VERBOSE=1 clean"/>
					<DistClean command="/usr/bin/make -f &quot;/Users/yosia/Binus/TK1W2_reimagined-guacamole/Makefile&quot;  VERBOSE=1 clean"/>
				</MakeCommands>
			</Target>
			<Target title="rebuild_cache">
				<Option working_dir="/Users/yosia/Binus/TK1W2_reimagined-guacamole"/>
				<Option type="4"/>
				<MakeCommands>
					<Build command="/usr/bin/make -f &quot;/Users/yosia/Binus/TK1W2_reimagined-guacamole/Makefile&quot;  VERBOSE=1 rebuild_cache"/>
					<CompileFile command="/usr/bin/make -f &quot;/Users/yosia/Binus/TK1W2_reimagined-guacamole/Makefile&quot;  VERBOSE=1 &quot;$file&quot;"/>
					<Clean command="/usr/bin/make -f &quot;/Users/yosia/Binus/TK1W2_reimagined-guacamole/Makefile&quot;  VERBOSE=1 clean"/>
					<DistClean command="/usr/bin/make -f &quot;/Users/yosia/Binus/TK1W2_reimagined-guacamole/Makefile&quot;  VERBOSE=1 clean"/>
				</MakeCommands>
			</Target>
		</Build>
		<Unit filename="/Users/yosia/Binus/TK1W2_reimagined-guacamole/MK_Algo-TugasKelompok1/convertSeconds/convertSeconds.cpp">
			<Option target="TK1W2_reimagined-guacamole"/>
		</Unit>
		<Unit filename="/Users/yosia/Binus/TK1W2_reimagined-guacamole/MK_Algo-TugasKelompok1/convertSeconds/convertSeconds.h">
			<Option target="TK1W2_reimagined-guacamole"/>
		</Unit>
		<Unit filename="/Users/yosia/Binus/TK1W2_reimagined-guacamole/MK_Algo-TugasKelompok1/stringManipulator/stringManipulator.cpp">
			<Option target="TK1W2_reimagined-guacamole"/>
		</Unit>
		<Unit filename="/Users/yosia/Binus/TK1W2_reimagined-guacamole/MK_Algo-TugasKelompok1/stringManipulator/stringManipulator.h">
			<Option target="TK1W2_reimagined-guacamole"/>
		</Unit>
		<Unit filename="/Users/yosia/Binus/TK1W2_reimagined-guacamole/main.cpp">
			<Option target="TK1W2_reimagined-guacamole"/>
		</Unit>
		<Unit filename="/Users/yosia/Binus/TK1W2_reimagined-guacamole/CMakeLists.txt">
			<Option virtualFolder="CMake Files\"/>
		</Unit>
	</Project>
</CodeBlocks_project_file>
